
Microsoft Visual Studio Solution File, Format Version 12.00
# Visual Studio Version 17
VisualStudioVersion = 17.7.34031.279
MinimumVisualStudioVersion = 10.0.40219.1
Project("{FAE04EC0-301F-11D3-BF4B-00C04F79EFBC}") = "Value_ReferanceType_Ref_Out", "Value_ReferanceType_Ref_Out\Value_ReferanceType_Ref_Out.csproj", "{583CEFA2-3D84-400D-9CE3-1030E69ABADC}"
EndProject
Global
	GlobalSection(SolutionConfigurationPlatforms) = preSolution
		Debug|Any CPU = Debug|Any CPU
		Release|Any CPU = Release|Any CPU
	EndGlobalSection
	GlobalSection(ProjectConfigurationPlatforms) = postSolution
		{583CEFA2-3D84-400D-9CE3-1030E69ABADC}.Debug|Any CPU.ActiveCfg = Debug|Any CPU
		{583CEFA2-3D84-400D-9CE3-1030E69ABADC}.Debug|Any CPU.Build.0 = Debug|Any CPU
		{583CEFA2-3D84-400D-9CE3-1030E69ABADC}.Release|Any CPU.ActiveCfg = Release|Any CPU
		{583CEFA2-3D84-400D-9CE3-1030E69ABADC}.Release|Any CPU.Build.0 = Release|Any CPU
	EndGlobalSection
	GlobalSection(SolutionProperties) = preSolution
		HideSolutionNode = FALSE
	EndGlobalSection
	GlobalSection(ExtensibilityGlobals) = postSolution
		SolutionGuid = {4C5DABB1-CCC2-4042-8420-8A46FDCA11F2}
	EndGlobalSection
EndGlobal
